
Microsoft Visual Studio Solution File, Format Version 12.00
# Visual Studio Version 17
VisualStudioVersion = 17.8.34330.188
MinimumVisualStudioVersion = 10.0.40219.1
Project("{FAE04EC0-301F-11D3-BF4B-00C04F79EFBC}") = "WebAppMVC", "WebAppMVC\WebAppMVC.csproj", "{4A81E3A6-10CD-45C3-B839-FCB082E4BE6D}"
EndProject
Global
	GlobalSection(SolutionConfigurationPlatforms) = preSolution
		Debug|Any CPU = Debug|Any CPU
		Release|Any CPU = Release|Any CPU
	EndGlobalSection
	GlobalSection(ProjectConfigurationPlatforms) = postSolution
		{4A81E3A6-10CD-45C3-B839-FCB082E4BE6D}.Debug|Any CPU.ActiveCfg = Debug|Any CPU
		{4A81E3A6-10CD-45C3-B839-FCB082E4BE6D}.Debug|Any CPU.Build.0 = Debug|Any CPU
		{4A81E3A6-10CD-45C3-B839-FCB082E4BE6D}.Release|Any CPU.ActiveCfg = Release|Any CPU
		{4A81E3A6-10CD-45C3-B839-FCB082E4BE6D}.Release|Any CPU.Build.0 = Release|Any CPU
	EndGlobalSection
	GlobalSection(SolutionProperties) = preSolution
		HideSolutionNode = FALSE
	EndGlobalSection
	GlobalSection(ExtensibilityGlobals) = postSolution
		SolutionGuid = {FA411520-4AE1-4213-8C94-549304BB1C4A}
	EndGlobalSection
EndGlobal
